
Microsoft Visual Studio Solution File, Format Version 12.00
# Visual Studio Version 16
VisualStudioVersion = 16.0.29609.76
MinimumVisualStudioVersion = 10.0.40219.1
Project("{FAE04EC0-301F-11D3-BF4B-00C04F79EFBC}") = "SacramentPlanner", "SacramentPlanner.csproj", "{2245BC5A-25A4-411C-A4F4-6BAEBC8E0F7D}"
EndProject
Global
	GlobalSection(SolutionConfigurationPlatforms) = preSolution
		Debug|Any CPU = Debug|Any CPU
		Release|Any CPU = Release|Any CPU
	EndGlobalSection
	GlobalSection(ProjectConfigurationPlatforms) = postSolution
		{2245BC5A-25A4-411C-A4F4-6BAEBC8E0F7D}.Debug|Any CPU.ActiveCfg = Debug|Any CPU
		{2245BC5A-25A4-411C-A4F4-6BAEBC8E0F7D}.Debug|Any CPU.Build.0 = Debug|Any CPU
		{2245BC5A-25A4-411C-A4F4-6BAEBC8E0F7D}.Release|Any CPU.ActiveCfg = Release|Any CPU
		{2245BC5A-25A4-411C-A4F4-6BAEBC8E0F7D}.Release|Any CPU.Build.0 = Release|Any CPU
	EndGlobalSection
	GlobalSection(SolutionProperties) = preSolution
		HideSolutionNode = FALSE
	EndGlobalSection
	GlobalSection(ExtensibilityGlobals) = postSolution
		SolutionGuid = {018C2DBE-C7AC-4986-8BCC-8929F49D6DEE}
	EndGlobalSection
EndGlobal
